
Microsoft Visual Studio Solution File, Format Version 12.00
Project("{FAE04EC0-301F-11D3-BF4B-00C04F79EFBC}") = "RealWorldOne.KittenGenerator.Api", "src\KittenGenerator\RealWorldOne.KittenGenerator.Api\RealWorldOne.KittenGenerator.Api.csproj", "{0480D88D-C0CE-44EE-A63F-B2AE475187AE}"
EndProject
Project("{FAE04EC0-301F-11D3-BF4B-00C04F79EFBC}") = "RealWorldOne.Identity.Api", "src\Identity\RealWorldOne.Identity.Api\RealWorldOne.Identity.Api.csproj", "{414F66F4-6E40-4D35-813C-A381CF5252DC}"
EndProject
Project("{FAE04EC0-301F-11D3-BF4B-00C04F79EFBC}") = "RealWorldOne.UserManagement.Api", "src\UserManagement\RealWorldOne.UserManagement.Api\RealWorldOne.UserManagement.Api.csproj", "{65EC3BA0-7F69-4220-AF0A-4202008183F6}"
EndProject
Project("{FAE04EC0-301F-11D3-BF4B-00C04F79EFBC}") = "RealWorldOne.ApiGateway", "src\ApiGateway\RealWorldOne.ApiGateway\RealWorldOne.ApiGateway.csproj", "{68BB0229-CBF9-4F0A-98CD-2D2AB8389C25}"
EndProject
Project("{2150E333-8FDC-42A3-9474-1A3956D46DE8}") = "Microservices", "Microservices", "{E1C9B315-74CA-4F33-B02F-AC17F684D62D}"
EndProject
Project("{2150E333-8FDC-42A3-9474-1A3956D46DE8}") = "ApiGateway", "ApiGateway", "{95BDDD82-47A0-40B5-8C63-DEED94BFCC44}"
EndProject
Project("{2150E333-8FDC-42A3-9474-1A3956D46DE8}") = "IdentityApi", "IdentityApi", "{D0706A15-73C4-4AD9-9A06-4D26F06B0258}"
EndProject
Project("{2150E333-8FDC-42A3-9474-1A3956D46DE8}") = "KittenGeneratorApi", "KittenGeneratorApi", "{26A7C167-3B02-4B7C-8465-9ADCBD578282}"
EndProject
Project("{2150E333-8FDC-42A3-9474-1A3956D46DE8}") = "UserManagementApi", "UserManagementApi", "{601FAEAE-3FD1-4086-A2A4-DFF4E5FCCEFB}"
EndProject
Project("{2150E333-8FDC-42A3-9474-1A3956D46DE8}") = "Tests", "Tests", "{656D79DE-74E2-424C-A2AF-519C8753645F}"
EndProject
Project("{2150E333-8FDC-42A3-9474-1A3956D46DE8}") = "UnitTests", "UnitTests", "{BF847B8A-6663-47D8-85E4-5EEC5AFE1164}"
EndProject
Project("{2150E333-8FDC-42A3-9474-1A3956D46DE8}") = "IntegrationTests", "IntegrationTests", "{62E44E0C-DB16-484D-BF19-5FB2278EDF9A}"
EndProject
Project("{2150E333-8FDC-42A3-9474-1A3956D46DE8}") = "EndToEndTests", "EndToEndTests", "{C177C658-2DA5-471B-BC78-4E8020413881}"
EndProject
Project("{FAE04EC0-301F-11D3-BF4B-00C04F79EFBC}") = "RealWorldOne.KittenGenerator.UnitTests", "test\UnitTests\RealWorldOne.KittenGenerator.UnitTests\RealWorldOne.KittenGenerator.UnitTests.csproj", "{0A88F484-7137-4F30-9714-E840709754B1}"
EndProject
Project("{FAE04EC0-301F-11D3-BF4B-00C04F79EFBC}") = "RealWorldOne.Identity.UnitTests", "test\UnitTests\RealWorldOne.Identity.UnitTests\RealWorldOne.Identity.UnitTests.csproj", "{0CD35051-1724-4DF3-A89E-B27BECB4CB05}"
EndProject
Project("{FAE04EC0-301F-11D3-BF4B-00C04F79EFBC}") = "RealWorldOne.UserManagement.UnitTests", "test\UnitTests\RealWorldOne.UserManagement.UnitTests\RealWorldOne.UserManagement.UnitTests.csproj", "{59E53E70-6365-4528-AF69-B82804F91D37}"
EndProject
Project("{FAE04EC0-301F-11D3-BF4B-00C04F79EFBC}") = "RealWorldOne.KittenGenerator.Application", "src\KittenGenerator\RealWorldOne.KittenGenerator.Application\RealWorldOne.KittenGenerator.Application.csproj", "{6FDF9BAE-2719-4CC3-80F5-E44C4A87A642}"
EndProject
Global
	GlobalSection(SolutionConfigurationPlatforms) = preSolution
		Debug|Any CPU = Debug|Any CPU
		Release|Any CPU = Release|Any CPU
	EndGlobalSection
	GlobalSection(ProjectConfigurationPlatforms) = postSolution
		{0480D88D-C0CE-44EE-A63F-B2AE475187AE}.Debug|Any CPU.ActiveCfg = Debug|Any CPU
		{0480D88D-C0CE-44EE-A63F-B2AE475187AE}.Debug|Any CPU.Build.0 = Debug|Any CPU
		{0480D88D-C0CE-44EE-A63F-B2AE475187AE}.Release|Any CPU.ActiveCfg = Release|Any CPU
		{0480D88D-C0CE-44EE-A63F-B2AE475187AE}.Release|Any CPU.Build.0 = Release|Any CPU
		{414F66F4-6E40-4D35-813C-A381CF5252DC}.Debug|Any CPU.ActiveCfg = Debug|Any CPU
		{414F66F4-6E40-4D35-813C-A381CF5252DC}.Debug|Any CPU.Build.0 = Debug|Any CPU
		{414F66F4-6E40-4D35-813C-A381CF5252DC}.Release|Any CPU.ActiveCfg = Release|Any CPU
		{414F66F4-6E40-4D35-813C-A381CF5252DC}.Release|Any CPU.Build.0 = Release|Any CPU
		{65EC3BA0-7F69-4220-AF0A-4202008183F6}.Debug|Any CPU.ActiveCfg = Debug|Any CPU
		{65EC3BA0-7F69-4220-AF0A-4202008183F6}.Debug|Any CPU.Build.0 = Debug|Any CPU
		{65EC3BA0-7F69-4220-AF0A-4202008183F6}.Release|Any CPU.ActiveCfg = Release|Any CPU
		{65EC3BA0-7F69-4220-AF0A-4202008183F6}.Release|Any CPU.Build.0 = Release|Any CPU
		{68BB0229-CBF9-4F0A-98CD-2D2AB8389C25}.Debug|Any CPU.ActiveCfg = Debug|Any CPU
		{68BB0229-CBF9-4F0A-98CD-2D2AB8389C25}.Debug|Any CPU.Build.0 = Debug|Any CPU
		{68BB0229-CBF9-4F0A-98CD-2D2AB8389C25}.Release|Any CPU.ActiveCfg = Release|Any CPU
		{68BB0229-CBF9-4F0A-98CD-2D2AB8389C25}.Release|Any CPU.Build.0 = Release|Any CPU
		{0A88F484-7137-4F30-9714-E840709754B1}.Debug|Any CPU.ActiveCfg = Debug|Any CPU
		{0A88F484-7137-4F30-9714-E840709754B1}.Debug|Any CPU.Build.0 = Debug|Any CPU
		{0A88F484-7137-4F30-9714-E840709754B1}.Release|Any CPU.ActiveCfg = Release|Any CPU
		{0A88F484-7137-4F30-9714-E840709754B1}.Release|Any CPU.Build.0 = Release|Any CPU
		{0CD35051-1724-4DF3-A89E-B27BECB4CB05}.Debug|Any CPU.ActiveCfg = Debug|Any CPU
		{0CD35051-1724-4DF3-A89E-B27BECB4CB05}.Debug|Any CPU.Build.0 = Debug|Any CPU
		{0CD35051-1724-4DF3-A89E-B27BECB4CB05}.Release|Any CPU.ActiveCfg = Release|Any CPU
		{0CD35051-1724-4DF3-A89E-B27BECB4CB05}.Release|Any CPU.Build.0 = Release|Any CPU
		{59E53E70-6365-4528-AF69-B82804F91D37}.Debug|Any CPU.ActiveCfg = Debug|Any CPU
		{59E53E70-6365-4528-AF69-B82804F91D37}.Debug|Any CPU.Build.0 = Debug|Any CPU
		{59E53E70-6365-4528-AF69-B82804F91D37}.Release|Any CPU.ActiveCfg = Release|Any CPU
		{59E53E70-6365-4528-AF69-B82804F91D37}.Release|Any CPU.Build.0 = Release|Any CPU
		{6FDF9BAE-2719-4CC3-80F5-E44C4A87A642}.Debug|Any CPU.ActiveCfg = Debug|Any CPU
		{6FDF9BAE-2719-4CC3-80F5-E44C4A87A642}.Debug|Any CPU.Build.0 = Debug|Any CPU
		{6FDF9BAE-2719-4CC3-80F5-E44C4A87A642}.Release|Any CPU.ActiveCfg = Release|Any CPU
		{6FDF9BAE-2719-4CC3-80F5-E44C4A87A642}.Release|Any CPU.Build.0 = Release|Any CPU
	EndGlobalSection
	GlobalSection(NestedProjects) = preSolution
		{68BB0229-CBF9-4F0A-98CD-2D2AB8389C25} = {95BDDD82-47A0-40B5-8C63-DEED94BFCC44}
		{D0706A15-73C4-4AD9-9A06-4D26F06B0258} = {E1C9B315-74CA-4F33-B02F-AC17F684D62D}
		{414F66F4-6E40-4D35-813C-A381CF5252DC} = {D0706A15-73C4-4AD9-9A06-4D26F06B0258}
		{26A7C167-3B02-4B7C-8465-9ADCBD578282} = {E1C9B315-74CA-4F33-B02F-AC17F684D62D}
		{0480D88D-C0CE-44EE-A63F-B2AE475187AE} = {26A7C167-3B02-4B7C-8465-9ADCBD578282}
		{601FAEAE-3FD1-4086-A2A4-DFF4E5FCCEFB} = {E1C9B315-74CA-4F33-B02F-AC17F684D62D}
		{65EC3BA0-7F69-4220-AF0A-4202008183F6} = {601FAEAE-3FD1-4086-A2A4-DFF4E5FCCEFB}
		{BF847B8A-6663-47D8-85E4-5EEC5AFE1164} = {656D79DE-74E2-424C-A2AF-519C8753645F}
		{62E44E0C-DB16-484D-BF19-5FB2278EDF9A} = {656D79DE-74E2-424C-A2AF-519C8753645F}
		{C177C658-2DA5-471B-BC78-4E8020413881} = {656D79DE-74E2-424C-A2AF-519C8753645F}
		{0A88F484-7137-4F30-9714-E840709754B1} = {BF847B8A-6663-47D8-85E4-5EEC5AFE1164}
		{0CD35051-1724-4DF3-A89E-B27BECB4CB05} = {BF847B8A-6663-47D8-85E4-5EEC5AFE1164}
		{59E53E70-6365-4528-AF69-B82804F91D37} = {BF847B8A-6663-47D8-85E4-5EEC5AFE1164}
		{6FDF9BAE-2719-4CC3-80F5-E44C4A87A642} = {26A7C167-3B02-4B7C-8465-9ADCBD578282}
	EndGlobalSection
EndGlobal
